// !$*UTF8*$!
{
	archiveVersion = 1;
	classes = {
	};
	objectVersion = 55;
	objects = {

/* Begin PBXBuildFile section */
		9C7896EA274818F900BE9C99 /* AppDelegate.swift in Sources */ = {isa = PBXBuildFile; fileRef = 9C7896E9274818F900BE9C99 /* AppDelegate.swift */; };
		9C7896EC274818F900BE9C99 /* SceneDelegate.swift in Sources */ = {isa = PBXBuildFile; fileRef = 9C7896EB274818F900BE9C99 /* SceneDelegate.swift */; };
		9C7896EE274818F900BE9C99 /* ImageViewController.swift in Sources */ = {isa = PBXBuildFile; fileRef = 9C7896ED274818F900BE9C99 /* ImageViewController.swift */; };
		9C7896F1274818F900BE9C99 /* Main.storyboard in Resources */ = {isa = PBXBuildFile; fileRef = 9C7896EF274818F900BE9C99 /* Main.storyboard */; };
		9C7896F3274818FB00BE9C99 /* Assets.xcassets in Resources */ = {isa = PBXBuildFile; fileRef = 9C7896F2274818FB00BE9C99 /* Assets.xcassets */; };
		9C7896F6274818FB00BE9C99 /* LaunchScreen.storyboard in Resources */ = {isa = PBXBuildFile; fileRef = 9C7896F4274818FB00BE9C99 /* LaunchScreen.storyboard */; };
		9C7897032748333400BE9C99 /* CoursesViewController.swift in Sources */ = {isa = PBXBuildFile; fileRef = 9C7897022748333400BE9C99 /* CoursesViewController.swift */; };
		9C7897062748341F00BE9C99 /* WebViewController.swift in Sources */ = {isa = PBXBuildFile; fileRef = 9C7897052748341F00BE9C99 /* WebViewController.swift */; };
		9C7897082748362B00BE9C99 /* Course.swift in Sources */ = {isa = PBXBuildFile; fileRef = 9C7897072748362B00BE9C99 /* Course.swift */; };
		9C78970A27483B9000BE9C99 /* WebsiteDescription.swift in Sources */ = {isa = PBXBuildFile; fileRef = 9C78970927483B9000BE9C99 /* WebsiteDescription.swift */; };
		9C78970D274840C200BE9C99 /* TableViewCell.swift in Sources */ = {isa = PBXBuildFile; fileRef = 9C78970C274840C200BE9C99 /* TableViewCell.swift */; };
		9C78970F2748581C00BE9C99 /* MainCollectionViewController.swift in Sources */ = {isa = PBXBuildFile; fileRef = 9C78970E2748581C00BE9C99 /* MainCollectionViewController.swift */; };
		9C7897112748583100BE9C99 /* CollectionViewCell.swift in Sources */ = {isa = PBXBuildFile; fileRef = 9C7897102748583100BE9C99 /* CollectionViewCell.swift */; };
		9C7897142748610600BE9C99 /* NetworkManager.swift in Sources */ = {isa = PBXBuildFile; fileRef = 9C7897132748610600BE9C99 /* NetworkManager.swift */; };
		9C789716274A887A00BE9C99 /* ImageProperties.swift in Sources */ = {isa = PBXBuildFile; fileRef = 9C789715274A887A00BE9C99 /* ImageProperties.swift */; };
		9C789718274A8CD500BE9C99 /* DataProvider.swift in Sources */ = {isa = PBXBuildFile; fileRef = 9C789717274A8CD500BE9C99 /* DataProvider.swift */; };
		9C78971A274BD95000BE9C99 /* AlamofireNetworkRequest.swift in Sources */ = {isa = PBXBuildFile; fileRef = 9C789719274BD95000BE9C99 /* AlamofireNetworkRequest.swift */; };
		D32BFA68FA4D5A3572BEE083 /* Pods_Networking.framework in Frameworks */ = {isa = PBXBuildFile; fileRef = 77C2FC7969644439D311E4E4 /* Pods_Networking.framework */; };
/* End PBXBuildFile section */

/* Begin PBXFileReference section */
		3E19640C01C077CA5B0090B1 /* Pods-Networking.debug.xcconfig */ = {isa = PBXFileReference; includeInIndex = 1; lastKnownFileType = text.xcconfig; name = "Pods-Networking.debug.xcconfig"; path = "Target Support Files/Pods-Networking/Pods-Networking.debug.xcconfig"; sourceTree = "<group>"; };
		77C2FC7969644439D311E4E4 /* Pods_Networking.framework */ = {isa = PBXFileReference; explicitFileType = wrapper.framework; includeInIndex = 0; path = Pods_Networking.framework; sourceTree = BUILT_PRODUCTS_DIR; };
		9C7896E6274818F900BE9C99 /* Networking.app */ = {isa = PBXFileReference; explicitFileType = wrapper.application; includeInIndex = 0; path = Networking.app; sourceTree = BUILT_PRODUCTS_DIR; };
		9C7896E9274818F900BE9C99 /* AppDelegate.swift */ = {isa = PBXFileReference; lastKnownFileType = sourcecode.swift; path = AppDelegate.swift; sourceTree = "<group>"; };
		9C7896EB274818F900BE9C99 /* SceneDelegate.swift */ = {isa = PBXFileReference; lastKnownFileType = sourcecode.swift; path = SceneDelegate.swift; sourceTree = "<group>"; };
		9C7896ED274818F900BE9C99 /* ImageViewController.swift */ = {isa = PBXFileReference; lastKnownFileType = sourcecode.swift; path = ImageViewController.swift; sourceTree = "<group>"; };
		9C7896F0274818F900BE9C99 /* Base */ = {isa = PBXFileReference; lastKnownFileType = file.storyboard; name = Base; path = Base.lproj/Main.storyboard; sourceTree = "<group>"; };
		9C7896F2274818FB00BE9C99 /* Assets.xcassets */ = {isa = PBXFileReference; lastKnownFileType = folder.assetcatalog; path = Assets.xcassets; sourceTree = "<group>"; };
		9C7896F5274818FB00BE9C99 /* Base */ = {isa = PBXFileReference; lastKnownFileType = file.storyboard; name = Base; path = Base.lproj/LaunchScreen.storyboard; sourceTree = "<group>"; };
		9C7896F7274818FB00BE9C99 /* Info.plist */ = {isa = PBXFileReference; lastKnownFileType = text.plist.xml; path = Info.plist; sourceTree = "<group>"; };
		9C7897022748333400BE9C99 /* CoursesViewController.swift */ = {isa = PBXFileReference; lastKnownFileType = sourcecode.swift; path = CoursesViewController.swift; sourceTree = "<group>"; };
		9C7897052748341F00BE9C99 /* WebViewController.swift */ = {isa = PBXFileReference; lastKnownFileType = sourcecode.swift; path = WebViewController.swift; sourceTree = "<group>"; };
		9C7897072748362B00BE9C99 /* Course.swift */ = {isa = PBXFileReference; lastKnownFileType = sourcecode.swift; path = Course.swift; sourceTree = "<group>"; };
		9C78970927483B9000BE9C99 /* WebsiteDescription.swift */ = {isa = PBXFileReference; lastKnownFileType = sourcecode.swift; path = WebsiteDescription.swift; sourceTree = "<group>"; };
		9C78970C274840C200BE9C99 /* TableViewCell.swift */ = {isa = PBXFileReference; lastKnownFileType = sourcecode.swift; path = TableViewCell.swift; sourceTree = "<group>"; };
		9C78970E2748581C00BE9C99 /* MainCollectionViewController.swift */ = {isa = PBXFileReference; lastKnownFileType = sourcecode.swift; path = MainCollectionViewController.swift; sourceTree = "<group>"; };
		9C7897102748583100BE9C99 /* CollectionViewCell.swift */ = {isa = PBXFileReference; lastKnownFileType = sourcecode.swift; path = CollectionViewCell.swift; sourceTree = "<group>"; };
		9C7897132748610600BE9C99 /* NetworkManager.swift */ = {isa = PBXFileReference; lastKnownFileType = sourcecode.swift; path = NetworkManager.swift; sourceTree = "<group>"; };
		9C789715274A887A00BE9C99 /* ImageProperties.swift */ = {isa = PBXFileReference; lastKnownFileType = sourcecode.swift; path = ImageProperties.swift; sourceTree = "<group>"; };
		9C789717274A8CD500BE9C99 /* DataProvider.swift */ = {isa = PBXFileReference; lastKnownFileType = sourcecode.swift; path = DataProvider.swift; sourceTree = "<group>"; };
		9C789719274BD95000BE9C99 /* AlamofireNetworkRequest.swift */ = {isa = PBXFileReference; lastKnownFileType = sourcecode.swift; path = AlamofireNetworkRequest.swift; sourceTree = "<group>"; };
		9C78971B274D4B8300BE9C99 /* Networking.entitlements */ = {isa = PBXFileReference; lastKnownFileType = text.plist.entitlements; path = Networking.entitlements; sourceTree = "<group>"; };
		CA131DB00C509C916F38F17F /* Pods-Networking.release.xcconfig */ = {isa = PBXFileReference; includeInIndex = 1; lastKnownFileType = text.xcconfig; name = "Pods-Networking.release.xcconfig"; path = "Target Support Files/Pods-Networking/Pods-Networking.release.xcconfig"; sourceTree = "<group>"; };
/* End PBXFileReference section */

/* Begin PBXFrameworksBuildPhase section */
		9C7896E3274818F900BE9C99 /* Frameworks */ = {
			isa = PBXFrameworksBuildPhase;
			buildActionMask = 2147483647;
			files = (
				D32BFA68FA4D5A3572BEE083 /* Pods_Networking.framework in Frameworks */,
			);
			runOnlyForDeploymentPostprocessing = 0;
		};
/* End PBXFrameworksBuildPhase section */

/* Begin PBXGroup section */
		0FDF9C10C225F98D0D8B6FA7 /* Pods */ = {
			isa = PBXGroup;
			children = (
				3E19640C01C077CA5B0090B1 /* Pods-Networking.debug.xcconfig */,
				CA131DB00C509C916F38F17F /* Pods-Networking.release.xcconfig */,
			);
			path = Pods;
			sourceTree = "<group>";
		};
		815C1E88BF3B1822294F1014 /* Frameworks */ = {
			isa = PBXGroup;
			children = (
				77C2FC7969644439D311E4E4 /* Pods_Networking.framework */,
			);
			name = Frameworks;
			sourceTree = "<group>";
		};
		9C7896DD274818F900BE9C99 = {
			isa = PBXGroup;
			children = (
				9C7896E8274818F900BE9C99 /* Networking */,
				9C7896E7274818F900BE9C99 /* Products */,
				0FDF9C10C225F98D0D8B6FA7 /* Pods */,
				815C1E88BF3B1822294F1014 /* Frameworks */,
			);
			sourceTree = "<group>";
		};
		9C7896E7274818F900BE9C99 /* Products */ = {
			isa = PBXGroup;
			children = (
				9C7896E6274818F900BE9C99 /* Networking.app */,
			);
			name = Products;
			sourceTree = "<group>";
		};
		9C7896E8274818F900BE9C99 /* Networking */ = {
			isa = PBXGroup;
			children = (
				9C78971B274D4B8300BE9C99 /* Networking.entitlements */,
				9C7897042748333B00BE9C99 /* Models */,
				9C7897012748257700BE9C99 /* Views */,
				9C7896FF2748255A00BE9C99 /* Controllers */,
				9C789712274860EB00BE9C99 /* Network */,
				9C7897002748256900BE9C99 /* Support files */,
				9C7896F7274818FB00BE9C99 /* Info.plist */,
			);
			path = Networking;
			sourceTree = "<group>";
		};
		9C7896FF2748255A00BE9C99 /* Controllers */ = {
			isa = PBXGroup;
			children = (
				9C78970B2748409500BE9C99 /* Cells */,
				9C78970E2748581C00BE9C99 /* MainCollectionViewController.swift */,
				9C7896ED274818F900BE9C99 /* ImageViewController.swift */,
				9C7897022748333400BE9C99 /* CoursesViewController.swift */,
				9C7897052748341F00BE9C99 /* WebViewController.swift */,
			);
			path = Controllers;
			sourceTree = "<group>";
		};
		9C7897002748256900BE9C99 /* Support files */ = {
			isa = PBXGroup;
			children = (
				9C7896E9274818F900BE9C99 /* AppDelegate.swift */,
				9C7896EB274818F900BE9C99 /* SceneDelegate.swift */,
				9C7896F4274818FB00BE9C99 /* LaunchScreen.storyboard */,
				9C7896F2274818FB00BE9C99 /* Assets.xcassets */,
			);
			path = "Support files";
			sourceTree = "<group>";
		};
		9C7897012748257700BE9C99 /* Views */ = {
			isa = PBXGroup;
			children = (
				9C7896EF274818F900BE9C99 /* Main.storyboard */,
			);
			path = Views;
			sourceTree = "<group>";
		};
		9C7897042748333B00BE9C99 /* Models */ = {
			isa = PBXGroup;
			children = (
				9C7897072748362B00BE9C99 /* Course.swift */,
				9C78970927483B9000BE9C99 /* WebsiteDescription.swift */,
				9C789715274A887A00BE9C99 /* ImageProperties.swift */,
			);
			path = Models;
			sourceTree = "<group>";
		};
		9C78970B2748409500BE9C99 /* Cells */ = {
			isa = PBXGroup;
			children = (
				9C78970C274840C200BE9C99 /* TableViewCell.swift */,
				9C7897102748583100BE9C99 /* CollectionViewCell.swift */,
			);
			path = Cells;
			sourceTree = "<group>";
		};
		9C789712274860EB00BE9C99 /* Network */ = {
			isa = PBXGroup;
			children = (
				9C7897132748610600BE9C99 /* NetworkManager.swift */,
				9C789717274A8CD500BE9C99 /* DataProvider.swift */,
				9C789719274BD95000BE9C99 /* AlamofireNetworkRequest.swift */,
			);
			path = Network;
			sourceTree = "<group>";
		};
/* End PBXGroup section */

/* Begin PBXNativeTarget section */
		9C7896E5274818F900BE9C99 /* Networking */ = {
			isa = PBXNativeTarget;
			buildConfigurationList = 9C7896FA274818FB00BE9C99 /* Build configuration list for PBXNativeTarget "Networking" */;
			buildPhases = (
				20918C147BFB701E06555765 /* [CP] Check Pods Manifest.lock */,
				9C7896E2274818F900BE9C99 /* Sources */,
				9C7896E3274818F900BE9C99 /* Frameworks */,
				9C7896E4274818F900BE9C99 /* Resources */,
				8326346E1E956557A07C62BD /* [CP] Embed Pods Frameworks */,
			);
			buildRules = (
			);
			dependencies = (
			);
			name = Networking;
			productName = Networking;
			productReference = 9C7896E6274818F900BE9C99 /* Networking.app */;
			productType = "com.apple.product-type.application";
		};
/* End PBXNativeTarget section */

/* Begin PBXProject section */
		9C7896DE274818F900BE9C99 /* Project object */ = {
			isa = PBXProject;
			attributes = {
				BuildIndependentTargetsInParallel = 1;
				LastSwiftUpdateCheck = 1310;
				LastUpgradeCheck = 1310;
				TargetAttributes = {
					9C7896E5274818F900BE9C99 = {
						CreatedOnToolsVersion = 13.1;
					};
				};
			};
			buildConfigurationList = 9C7896E1274818F900BE9C99 /* Build configuration list for PBXProject "Networking" */;
			compatibilityVersion = "Xcode 13.0";
			developmentRegion = en;
			hasScannedForEncodings = 0;
			knownRegions = (
				en,
				Base,
			);
			mainGroup = 9C7896DD274818F900BE9C99;
			productRefGroup = 9C7896E7274818F900BE9C99 /* Products */;
			projectDirPath = "";
			projectRoot = "";
			targets = (
				9C7896E5274818F900BE9C99 /* Networking */,
			);
		};
/* End PBXProject section */

/* Begin PBXResourcesBuildPhase section */
		9C7896E4274818F900BE9C99 /* Resources */ = {
			isa = PBXResourcesBuildPhase;
			buildActionMask = 2147483647;
			files = (
				9C7896F6274818FB00BE9C99 /* LaunchScreen.storyboard in Resources */,
				9C7896F3274818FB00BE9C99 /* Assets.xcassets in Resources */,
				9C7896F1274818F900BE9C99 /* Main.storyboard in Resources */,
			);
			runOnlyForDeploymentPostprocessing = 0;
		};
/* End PBXResourcesBuildPhase section */

/* Begin PBXShellScriptBuildPhase section */
		20918C147BFB701E06555765 /* [CP] Check Pods Manifest.lock */ = {
			isa = PBXShellScriptBuildPhase;
			buildActionMask = 2147483647;
			files = (
			);
			inputFileListPaths = (
			);
			inputPaths = (
				"${PODS_PODFILE_DIR_PATH}/Podfile.lock",
				"${PODS_ROOT}/Manifest.lock",
			);
			name = "[CP] Check Pods Manifest.lock";
			outputFileListPaths = (
			);
			outputPaths = (
				"$(DERIVED_FILE_DIR)/Pods-Networking-checkManifestLockResult.txt",
			);
			runOnlyForDeploymentPostprocessing = 0;
			shellPath = /bin/sh;
			shellScript = "diff \"${PODS_PODFILE_DIR_PATH}/Podfile.lock\" \"${PODS_ROOT}/Manifest.lock\" > /dev/null\nif [ $? != 0 ] ; then\n    # print error to STDERR\n    echo \"error: The sandbox is not in sync with the Podfile.lock. Run 'pod install' or update your CocoaPods installation.\" >&2\n    exit 1\nfi\n# This output is used by Xcode 'outputs' to avoid re-running this script phase.\necho \"SUCCESS\" > \"${SCRIPT_OUTPUT_FILE_0}\"\n";
			showEnvVarsInLog = 0;
		};
		8326346E1E956557A07C62BD /* [CP] Embed Pods Frameworks */ = {
			isa = PBXShellScriptBuildPhase;
			buildActionMask = 2147483647;
			files = (
			);
			inputFileListPaths = (
				"${PODS_ROOT}/Target Support Files/Pods-Networking/Pods-Networking-frameworks-${CONFIGURATION}-input-files.xcfilelist",
			);
			name = "[CP] Embed Pods Frameworks";
			outputFileListPaths = (
				"${PODS_ROOT}/Target Support Files/Pods-Networking/Pods-Networking-frameworks-${CONFIGURATION}-output-files.xcfilelist",
			);
			runOnlyForDeploymentPostprocessing = 0;
			shellPath = /bin/sh;
			shellScript = "\"${PODS_ROOT}/Target Support Files/Pods-Networking/Pods-Networking-frameworks.sh\"\n";
			showEnvVarsInLog = 0;
		};
/* End PBXShellScriptBuildPhase section */

/* Begin PBXSourcesBuildPhase section */
		9C7896E2274818F900BE9C99 /* Sources */ = {
			isa = PBXSourcesBuildPhase;
			buildActionMask = 2147483647;
			files = (
				9C7896EE274818F900BE9C99 /* ImageViewController.swift in Sources */,
				9C7897142748610600BE9C99 /* NetworkManager.swift in Sources */,
				9C78970F2748581C00BE9C99 /* MainCollectionViewController.swift in Sources */,
				9C7897082748362B00BE9C99 /* Course.swift in Sources */,
				9C78970A27483B9000BE9C99 /* WebsiteDescription.swift in Sources */,
				9C78970D274840C200BE9C99 /* TableViewCell.swift in Sources */,
				9C7897062748341F00BE9C99 /* WebViewController.swift in Sources */,
				9C78971A274BD95000BE9C99 /* AlamofireNetworkRequest.swift in Sources */,
				9C7896EA274818F900BE9C99 /* AppDelegate.swift in Sources */,
				9C789716274A887A00BE9C99 /* ImageProperties.swift in Sources */,
				9C7896EC274818F900BE9C99 /* SceneDelegate.swift in Sources */,
				9C7897032748333400BE9C99 /* CoursesViewController.swift in Sources */,
				9C7897112748583100BE9C99 /* CollectionViewCell.swift in Sources */,
				9C789718274A8CD500BE9C99 /* DataProvider.swift in Sources */,
			);
			runOnlyForDeploymentPostprocessing = 0;
		};
/* End PBXSourcesBuildPhase section */

/* Begin PBXVariantGroup section */
		9C7896EF274818F900BE9C99 /* Main.storyboard */ = {
			isa = PBXVariantGroup;
			children = (
				9C7896F0274818F900BE9C99 /* Base */,
			);
			name = Main.storyboard;
			sourceTree = "<group>";
		};
		9C7896F4274818FB00BE9C99 /* LaunchScreen.storyboard */ = {
			isa = PBXVariantGroup;
			children = (
				9C7896F5274818FB00BE9C99 /* Base */,
			);
			name = LaunchScreen.storyboard;
			sourceTree = "<group>";
		};
/* End PBXVariantGroup section */

/* Begin XCBuildConfiguration section */
		9C7896F8274818FB00BE9C99 /* Debug */ = {
			isa = XCBuildConfiguration;
			buildSettings = {
				ALWAYS_SEARCH_USER_PATHS = NO;
				CLANG_ANALYZER_NONNULL = YES;
				CLANG_ANALYZER_NUMBER_OBJECT_CONVERSION = YES_AGGRESSIVE;
				CLANG_CXX_LANGUAGE_STANDARD = "gnu++17";
				CLANG_CXX_LIBRARY = "libc++";
				CLANG_ENABLE_MODULES = YES;
				CLANG_ENABLE_OBJC_ARC = YES;
				CLANG_ENABLE_OBJC_WEAK = YES;
				CLANG_WARN_BLOCK_CAPTURE_AUTORELEASING = YES;
				CLANG_WARN_BOOL_CONVERSION = YES;
				CLANG_WARN_COMMA = YES;
				CLANG_WARN_CONSTANT_CONVERSION = YES;
				CLANG_WARN_DEPRECATED_OBJC_IMPLEMENTATIONS = YES;
				CLANG_WARN_DIRECT_OBJC_ISA_USAGE = YES_ERROR;
				CLANG_WARN_DOCUMENTATION_COMMENTS = YES;
				CLANG_WARN_EMPTY_BODY = YES;
				CLANG_WARN_ENUM_CONVERSION = YES;
				CLANG_WARN_INFINITE_RECURSION = YES;
				CLANG_WARN_INT_CONVERSION = YES;
				CLANG_WARN_NON_LITERAL_NULL_CONVERSION = YES;
				CLANG_WARN_OBJC_IMPLICIT_RETAIN_SELF = YES;
				CLANG_WARN_OBJC_LITERAL_CONVERSION = YES;
				CLANG_WARN_OBJC_ROOT_CLASS = YES_ERROR;
				CLANG_WARN_QUOTED_INCLUDE_IN_FRAMEWORK_HEADER = YES;
				CLANG_WARN_RANGE_LOOP_ANALYSIS = YES;
				CLANG_WARN_STRICT_PROTOTYPES = YES;
				CLANG_WARN_SUSPICIOUS_MOVE = YES;
				CLANG_WARN_UNGUARDED_AVAILABILITY = YES_AGGRESSIVE;
				CLANG_WARN_UNREACHABLE_CODE = YES;
				CLANG_WARN__DUPLICATE_METHOD_MATCH = YES;
				COPY_PHASE_STRIP = NO;
				DEBUG_INFORMATION_FORMAT = dwarf;
				ENABLE_STRICT_OBJC_MSGSEND = YES;
				ENABLE_TESTABILITY = YES;
				GCC_C_LANGUAGE_STANDARD = gnu11;
				GCC_DYNAMIC_NO_PIC = NO;
				GCC_NO_COMMON_BLOCKS = YES;
				GCC_OPTIMIZATION_LEVEL = 0;
				GCC_PREPROCESSOR_DEFINITIONS = (
					"DEBUG=1",
					"$(inherited)",
				);
				GCC_WARN_64_TO_32_BIT_CONVERSION = YES;
				GCC_WARN_ABOUT_RETURN_TYPE = YES_ERROR;
				GCC_WARN_UNDECLARED_SELECTOR = YES;
				GCC_WARN_UNINITIALIZED_AUTOS = YES_AGGRESSIVE;
				GCC_WARN_UNUSED_FUNCTION = YES;
				GCC_WARN_UNUSED_VARIABLE = YES;
				IPHONEOS_DEPLOYMENT_TARGET = 15.0;
				MTL_ENABLE_DEBUG_INFO = INCLUDE_SOURCE;
				MTL_FAST_MATH = YES;
				ONLY_ACTIVE_ARCH = YES;
				SDKROOT = iphoneos;
				SWIFT_ACTIVE_COMPILATION_CONDITIONS = DEBUG;
				SWIFT_OPTIMIZATION_LEVEL = "-Onone";
			};
			name = Debug;
		};
		9C7896F9274818FB00BE9C99 /* Release */ = {
			isa = XCBuildConfiguration;
			buildSettings = {
				ALWAYS_SEARCH_USER_PATHS = NO;
				CLANG_ANALYZER_NONNULL = YES;
				CLANG_ANALYZER_NUMBER_OBJECT_CONVERSION = YES_AGGRESSIVE;
				CLANG_CXX_LANGUAGE_STANDARD = "gnu++17";
				CLANG_CXX_LIBRARY = "libc++";
				CLANG_ENABLE_MODULES = YES;
				CLANG_ENABLE_OBJC_ARC = YES;
				CLANG_ENABLE_OBJC_WEAK = YES;
				CLANG_WARN_BLOCK_CAPTURE_AUTORELEASING = YES;
				CLANG_WARN_BOOL_CONVERSION = YES;
				CLANG_WARN_COMMA = YES;
				CLANG_WARN_CONSTANT_CONVERSION = YES;
				CLANG_WARN_DEPRECATED_OBJC_IMPLEMENTATIONS = YES;
				CLANG_WARN_DIRECT_OBJC_ISA_USAGE = YES_ERROR;
				CLANG_WARN_DOCUMENTATION_COMMENTS = YES;
				CLANG_WARN_EMPTY_BODY = YES;
				CLANG_WARN_ENUM_CONVERSION = YES;
				CLANG_WARN_INFINITE_RECURSION = YES;
				CLANG_WARN_INT_CONVERSION = YES;
				CLANG_WARN_NON_LITERAL_NULL_CONVERSION = YES;
				CLANG_WARN_OBJC_IMPLICIT_RETAIN_SELF = YES;
				CLANG_WARN_OBJC_LITERAL_CONVERSION = YES;
				CLANG_WARN_OBJC_ROOT_CLASS = YES_ERROR;
				CLANG_WARN_QUOTED_INCLUDE_IN_FRAMEWORK_HEADER = YES;
				CLANG_WARN_RANGE_LOOP_ANALYSIS = YES;
				CLANG_WARN_STRICT_PROTOTYPES = YES;
				CLANG_WARN_SUSPICIOUS_MOVE = YES;
				CLANG_WARN_UNGUARDED_AVAILABILITY = YES_AGGRESSIVE;
				CLANG_WARN_UNREACHABLE_CODE = YES;
				CLANG_WARN__DUPLICATE_METHOD_MATCH = YES;
				COPY_PHASE_STRIP = NO;
				DEBUG_INFORMATION_FORMAT = "dwarf-with-dsym";
				ENABLE_NS_ASSERTIONS = NO;
				ENABLE_STRICT_OBJC_MSGSEND = YES;
				GCC_C_LANGUAGE_STANDARD = gnu11;
				GCC_NO_COMMON_BLOCKS = YES;
				GCC_WARN_64_TO_32_BIT_CONVERSION = YES;
				GCC_WARN_ABOUT_RETURN_TYPE = YES_ERROR;
				GCC_WARN_UNDECLARED_SELECTOR = YES;
				GCC_WARN_UNINITIALIZED_AUTOS = YES_AGGRESSIVE;
				GCC_WARN_UNUSED_FUNCTION = YES;
				GCC_WARN_UNUSED_VARIABLE = YES;
				IPHONEOS_DEPLOYMENT_TARGET = 15.0;
				MTL_ENABLE_DEBUG_INFO = NO;
				MTL_FAST_MATH = YES;
				SDKROOT = iphoneos;
				SWIFT_COMPILATION_MODE = wholemodule;
				SWIFT_OPTIMIZATION_LEVEL = "-O";
				VALIDATE_PRODUCT = YES;
			};
			name = Release;
		};
		9C7896FB274818FB00BE9C99 /* Debug */ = {
			isa = XCBuildConfiguration;
			baseConfigurationReference = 3E19640C01C077CA5B0090B1 /* Pods-Networking.debug.xcconfig */;
			buildSettings = {
				ASSETCATALOG_COMPILER_APPICON_NAME = AppIcon;
				ASSETCATALOG_COMPILER_GLOBAL_ACCENT_COLOR_NAME = AccentColor;
				CODE_SIGN_ENTITLEMENTS = Networking/Networking.entitlements;
				CODE_SIGN_STYLE = Automatic;
				CURRENT_PROJECT_VERSION = 1;
				DEVELOPMENT_TEAM = 7XP9H5G8CF;
				GENERATE_INFOPLIST_FILE = YES;
				INFOPLIST_FILE = Networking/Info.plist;
				INFOPLIST_KEY_UIApplicationSupportsIndirectInputEvents = YES;
				INFOPLIST_KEY_UILaunchStoryboardName = LaunchScreen;
				INFOPLIST_KEY_UIMainStoryboardFile = Main;
				INFOPLIST_KEY_UISupportedInterfaceOrientations_iPad = "UIInterfaceOrientationPortrait UIInterfaceOrientationPortraitUpsideDown UIInterfaceOrientationLandscapeLeft UIInterfaceOrientationLandscapeRight";
				INFOPLIST_KEY_UISupportedInterfaceOrientations_iPhone = "UIInterfaceOrientationPortrait UIInterfaceOrientationLandscapeLeft UIInterfaceOrientationLandscapeRight";
				LD_RUNPATH_SEARCH_PATHS = (
					"$(inherited)",
					"@executable_path/Frameworks",
				);
				MARKETING_VERSION = 1.0;
				PRODUCT_BUNDLE_IDENTIFIER = com.underscoreow.Networking;
				PRODUCT_NAME = "$(TARGET_NAME)";
				SWIFT_EMIT_LOC_STRINGS = YES;
				SWIFT_VERSION = 5.0;
				TARGETED_DEVICE_FAMILY = "1,2";
			};
			name = Debug;
		};
		9C7896FC274818FB00BE9C99 /* Release */ = {
			isa = XCBuildConfiguration;
			baseConfigurationReference = CA131DB00C509C916F38F17F /* Pods-Networking.release.xcconfig */;
			buildSettings = {
				ASSETCATALOG_COMPILER_APPICON_NAME = AppIcon;
				ASSETCATALOG_COMPILER_GLOBAL_ACCENT_COLOR_NAME = AccentColor;
				CODE_SIGN_ENTITLEMENTS = Networking/Networking.entitlements;
				CODE_SIGN_STYLE = Automatic;
				CURRENT_PROJECT_VERSION = 1;
				DEVELOPMENT_TEAM = 7XP9H5G8CF;
				GENERATE_INFOPLIST_FILE = YES;
				INFOPLIST_FILE = Networking/Info.plist;
				INFOPLIST_KEY_UIApplicationSupportsIndirectInputEvents = YES;
				INFOPLIST_KEY_UILaunchStoryboardName = LaunchScreen;
				INFOPLIST_KEY_UIMainStoryboardFile = Main;
				INFOPLIST_KEY_UISupportedInterfaceOrientations_iPad = "UIInterfaceOrientationPortrait UIInterfaceOrientationPortraitUpsideDown UIInterfaceOrientationLandscapeLeft UIInterfaceOrientationLandscapeRight";
				INFOPLIST_KEY_UISupportedInterfaceOrientations_iPhone = "UIInterfaceOrientationPortrait UIInterfaceOrientationLandscapeLeft UIInterfaceOrientationLandscapeRight";
				LD_RUNPATH_SEARCH_PATHS = (
					"$(inherited)",
					"@executable_path/Frameworks",
				);
				MARKETING_VERSION = 1.0;
				PRODUCT_BUNDLE_IDENTIFIER = com.underscoreow.Networking;
				PRODUCT_NAME = "$(TARGET_NAME)";
				SWIFT_EMIT_LOC_STRINGS = YES;
				SWIFT_VERSION = 5.0;
				TARGETED_DEVICE_FAMILY = "1,2";
			};
			name = Release;
		};
/* End XCBuildConfiguration section */

/* Begin XCConfigurationList section */
		9C7896E1274818F900BE9C99 /* Build configuration list for PBXProject "Networking" */ = {
			isa = XCConfigurationList;
			buildConfigurations = (
				9C7896F8274818FB00BE9C99 /* Debug */,
				9C7896F9274818FB00BE9C99 /* Release */,
			);
			defaultConfigurationIsVisible = 0;
			defaultConfigurationName = Release;
		};
		9C7896FA274818FB00BE9C99 /* Build configuration list for PBXNativeTarget "Networking" */ = {
			isa = XCConfigurationList;
			buildConfigurations = (
				9C7896FB274818FB00BE9C99 /* Debug */,
				9C7896FC274818FB00BE9C99 /* Release */,
			);
			defaultConfigurationIsVisible = 0;
			defaultConfigurationName = Release;
		};
/* End XCConfigurationList section */
	};
	rootObject = 9C7896DE274818F900BE9C99 /* Project object */;
}
